github.com/ALTree/bigfloat v0.0.0-20180506151649-b176f1e721fc h1:64fnazBWLWjn4wk+hpm7gVPhl5kA0TrCzYJ4GCbw1J0=
github.com/ALTree/bigfloat v0.0.0-20180506151649-b176f1e721fc/go.mod h1:9hy2NiNR6kJzY3N2dE/x+UQtZXiYkjTRADHpAo6p9zI=
github.com/BurntSushi/toml v0.3.1 h1:WXkYYl6Yr3qBf1K79EBnL4mak0OimBfB0XUf9Vl28OQ=
github.com/BurntSushi/toml v0.3.1/go.mod h1:xHWCNGjB5oqiDr8zfno3MHue2Ht5sIBksp03qcyfWMU=
github.com/aead/siphash v1.0.1 h1:FwHfE/T45KPKYuuSAKyyvE+oPWcaQ+CUmFW0bPlM+kg=
github.com/aead/siphash v1.0.1/go.mod h1:Nywa3cDsYNNK3gaciGTWPwHt0wlpNV15vwmswBAUSII=
github.com/alangpierce/go-forceexport v0.0.0-20160317203124-8f1d6941cd75 h1:3ILjVyslFbc4jl1w5TWuvvslFD/nDfR2H8tVaMVLrEY=
github.com/alangpierce/go-forceexport v0.0.0-20160317203124-8f1d6941cd75/go.mod h1:uAXEEpARkRhCZfEvy/y0Jcc888f9tHCc1W7/UeEtreE=
github.com/aristanetworks/goarista v0.0.0-20180907105523-ff33da284e76 h1:64W/KrGykPTfDI9xTkZtnjZRYA5p2+c/IuGgjzeWCpI=
github.com/aristanetworks/goarista v0.0.0-20180907105523-ff33da284e76/go.mod h1:D/tb0zPVXnP7fmsLZjtdUhSsumbK/ij54UXjjVgMGxQ=
github.com/btcsuite/btcd v0.20.1-beta h1:Ik4hyJqN8Jfyv3S4AGBOmyouMsYE3EdYODkMbQjwPGw=
github.com/btcsuite/btcd v0.20.1-beta/go.mod h1:wVuoA8VJLEcwgqHBwHmzLRazpKxTv13Px/pDuV7OomQ=
github.com/btcsuite/btclog v0.0.0-20170628155309-84c8d2346e9f h1:bAs4lUbRJpnnkd9VhRV3jjAVU7DJVjMaK+IsvSeZvFo=
github.com/btcsuite/btclog v0.0.0-20170628155309-84c8d2346e9f/go.mod h1:TdznJufoqS23FtqVCzL0ZqgP5MqXbb4fg/WgDys70nA=
github.com/btcsuite/btcutil v0.0.0-20190425235716-9e5f4b9a998d h1:yJzD/yFppdVCf6ApMkVy8cUxV0XrxdP9rVf6D87/Mng=
github.com/btcsuite/btcutil v0.0.0-20190425235716-9e5f4b9a998d/go.mod h1:+5NJ2+qvTyV9exUAL/rxXi3DcLg2Ts+ymUAY5y4NvMg=
github.com/btcsuite/go-socks v0.0.0-20170105172521-4720035b7bfd h1:R/opQEbFEy9JGkIguV40SvRY1uliPX8ifOvi6ICsFCw=
github.com/btcsuite/go-socks v0.0.0-20170105172521-4720035b7bfd/go.mod h1:HHNXQzUsZCxOoE+CPiyCTO6x34Zs86zZUiwtpXoGdtg=
github.com/btcsuite/goleveldb v0.0.0-20160330041536-7834afc9e8cd h1:qdGvebPBDuYDPGi1WCPjy1tGyMpmDK8IEapSsszn7HE=
github.com/btcsuite/goleveldb v0.0.0-20160330041536-7834afc9e8cd/go.mod h1:F+uVaaLLH7j4eDXPRvw78tMflu7Ie2bzYOH4Y8rRKBY=
github.com/btcsuite/snappy-go v0.0.0-20151229074030-0bdef8d06723 h1:ZA/jbKoGcVAnER6pCHPEkGdZOV7U1oLUedErBHCUMs0=
github.com/btcsuite/snappy-go v0.0.0-20151229074030-0bdef8d06723/go.mod h1:8woku9dyThutzjeg+3xrA5iCpBRH8XEEg3lh6TiUghc=
github.com/btcsuite/websocket v0.0.0-20150119174127-31079b680792 h1:R8vQdOQdZ9Y3SkEwmHoWBmX1DNXhXZqlTpq6s4tyJGc=
github.com/btcsuite/websocket v0.0.0-20150119174127-31079b680792/go.mod h1:ghJtEyQwv5/p4Mg4C0fgbePVuGr935/5ddU9Z3TmDRY=
github.com/btcsuite/winsvc v1.0.0/go.mod h1:jsenWakMcC0zFBFurPLEAyrnc/teJEM1O46fmI40EZs=
github.com/campoy/embedmd v1.0.0/go.mod h1:oxyr9RCiSXg0M3VJ3ks0UGfp98BpSSGr0kpiX3MzVl8=
github.com/ccding/go-stun v0.0.0-20170323223013-04a4eed61c57 h1:sW8/rvtyMhcuzr9if6kB+ygYQUfY8Nny9cpukP40GJY=
github.com/ccding/go-stun v0.0.0-20170323223013-04a4eed61c57/go.mod h1:3FK1bMar37f7jqVY7q/63k3OMX1c47pGCufzt3X0sYE=
github.com/cheekybits/genny v1.0.0 h1:uGGa4nei+j20rOSeDeP5Of12XVm7TGUd4dJA9RDitfE=
github.com/cheekybits/genny v1.0.0/go.mod h1:+tQajlRqAUrPI7DOSpB0XAqZYtQakVtB7wXkRAgjxjQ=
github.com/davecgh/go-spew v0.0.0-20171005155431-ecdeabc65495/go.mod h1:J7Y8YcW2NihsgmVo/mv3lAwl/skON4iLHjSsI+c5H38=
github.com/davecgh/go-spew v1.1.0/go.mod h1:J7Y8YcW2NihsgmVo/mv3lAwl/skON4iLHjSsI+c5H38=
github.com/davecgh/go-spew v1.1.1 h1:vj9j/u1bqnvCEfJOwUhtlOARqs3+rkHYY13jYWTU97c=
github.com/davecgh/go-spew v1.1.1/go.mod h1:J7Y8YcW2NihsgmVo/mv3lAwl/skON4iLHjSsI+c5H38=
github.com/deckarep/golang-set v1.7.1 h1:SCQV0S6gTtp6itiFrTqI+pfmJ4LN85S1YzhDf9rTHJQ=
github.com/deckarep/golang-set v1.7.1/go.mod h1:93vsz/8Wt4joVM7c2AVqh+YRMiUSc14yDtF28KmMOgQ=
github.com/dlespiau/covertool v0.0.0-20180314162135-b0c4c6d0583a/go.mod h1:/eQMcW3eA1bzKx23ZYI2H3tXPdJB5JWYTHzoUPBvQY4=
github.com/fatih/color v1.7.0 h1:DkWD4oS2D8LGGgTQ6IvwJJXSL5Vp2ffcQg58nFV38Ys=
github.com/fatih/color v1.7.0/go.mod h1:Zm6kSWBoL9eyXnKyktHP6abPY2pDugNf5KwzbycvMj4=
github.com/fsnotify/fsnotify v1.4.7 h1:IXs+QLmnXW2CcXuY+8Mzv/fWEsPGWxqefPtCP5CnV9I=
github.com/fsnotify/fsnotify v1.4.7/go.mod h1:jwhsz4b93w/PPRr/qN1Yymfu8t87LnFCMoQvtojpjFo=
github.com/go-stack/stack v1.8.0 h1:5SgMzNM5HxrEjV0ww2lTmX6E2Izsfxas4+YHWRs3Lsk=
github.com/go-stack/stack v1.8.0/go.mod h1:v0f6uXyyMGvRgIKkXu+yp6POWl0qKG85gN/melR3HDY=
github.com/golang/mock v1.2.0 h1:28o5sBqPkBsMGnC6b4MvE2TzSr5/AT4c/1fLqVGIwlk=
github.com/golang/mock v1.2.0/go.mod h1:oTYuIxOrZwtPieC+H1uAHpcLFnEyAGVDL/k47Jfbm0A=
github.com/golang/protobuf v1.2.0/go.mod h1:6lQm79b+lXiMfvg/cZm0SGofjICqVBUtrP5yJMmIC1U=
github.com/golang/protobuf v1.3.0 h1:kbxbvI4Un1LUWKxufD+BiE6AEExYYgkQLQmLFqA1LFk=
github.com/golang/protobuf v1.3.0/go.mod h1:Qd/q+1AKNOZr9uGQzbzCmRO6sUih6GTPZv6a1/R87v0=
github.com/golang/snappy v0.0.0-20180518054509-2e65f85255db/go.mod h1:/XxbfmMg8lxefKM7IXC3fBNl/7bRcc72aCRzEWrmP2Q=
github.com/golang/snappy v0.0.1 h1:Qgr9rKW7uDUkrbSmQeiDsGa8SjGyCOGtuasMWwvp2P4=
github.com/golang/snappy v0.0.1/go.mod h1:/XxbfmMg8lxefKM7IXC3fBNl/7bRcc72aCRzEWrmP2Q=
github.com/google/pprof v0.0.0-20190309163659-77426154d546/go.mod h1:zfwlbNMJ+OItoe0UupaVj+oy1omPYYDuagoSzA8v9mc=
github.com/hashicorp/golang-lru v0.5.0 h1:CL2msUPvZTLb5O648aiLNJw3hnBxN2+1Jq8rCOH9wdo=
github.com/hashicorp/golang-lru v0.5.0/go.mod h1:/m3WP610KZHVQ1SGc6re/UDhFvYD7pJ4Ao+sR/qLZy8=
github.com/hpcloud/tail v1.0.0 h1:nfCOvKYfkgYP8hkirhJocXT2+zOD8yUNjXaWfTlyFKI=
github.com/hpcloud/tail v1.0.0/go.mod h1:ab1qPbhIpdTxEkNHXyeSf5vhxWSCs/tWer42PpOxQnU=
github.com/huin/goupnp v0.0.0-20180415215157-1395d1447324 h1:PV190X5/DzQ/tbFFG5YpT5mH6q+cHlfgqI5JuRnH9oE=
github.com/huin/goupnp v0.0.0-20180415215157-1395d1447324/go.mod h1:MZ2ZmwcBpvOoJ22IJsc7va19ZwoheaBk43rKg12SKag=
github.com/ianlancetaylor/demangle v0.0.0-20181102032728-5e5cf60278f6/go.mod h1:aSSvb/t6k1mPoxDqO4vJh6VOCGPwU4O0C2/Eqndh1Sc=
github.com/influxdata/influxdb1-client v0.0.0-20190402204710-8ff2fc3824fc h1:KpMgaYJRieDkHZJWY3LMafvtqS/U8xX6+lUN+OKpl/Y=
github.com/influxdata/influxdb1-client v0.0.0-20190402204710-8ff2fc3824fc/go.mod h1:qj24IKcXYK6Iy9ceXlo3Tc+vtHo9lIhSX5JddghvEPo=
github.com/jackpal/go-nat-pmp v0.0.0-20170405195558-28a68d0c24ad h1:heFfj7z0pGsNCekUlsFhO2jstxO4b5iQ665LjwM5mDc=
github.com/jackpal/go-nat-pmp v0.0.0-20170405195558-28a68d0c24ad/go.mod h1:QPH045xvCAeXUZOxsnwmrtiCoxIr9eob+4orBN1SBKc=
github.com/jessevdk/go-flags v0.0.0-20141203071132-1679536dcc89 h1:12K8AlpT0/6QUXSfV0yi4Q0jkbq8NDtIKFtF61AoqV0=
github.com/jessevdk/go-flags v0.0.0-20141203071132-1679536dcc89/go.mod h1:4FA24M0QyGHXBuZZK/XkWh8h0e1EYbRYJSGM75WSRxI=
github.com/jrick/logrotate v1.0.0 h1:lQ1bL/n9mBNeIXoTUoYRlK4dHuNJVofX9oWqBtPnSzI=
github.com/jrick/logrotate v1.0.0/go.mod h1:LNinyqDIJnpAur+b8yyulnQw/wDuN1+BYKlTRt3OuAQ=
github.com/kkdai/bstream v0.0.0-20161212061736-f391b8402d23 h1:FOOIBWrEkLgmlgGfMuZT83xIwfPDxEI2OHu6xUmJMFE=
github.com/kkdai/bstream v0.0.0-20161212061736-f391b8402d23/go.mod h1:J+Gs4SYgM6CZQHDETBtE9HaSEkGmuNXF86RwHhHUvq4=
github.com/kr/pretty v0.2.0 h1:s5hAObm+yFO5uHYt5dYjxi2rXrsnmRpJx4OYvIWUaQs=
github.com/kr/pretty v0.2.0/go.mod h1:ipq/a2n7PKx3OHsz4KJII5eveXtPO4qwEXGdVfWzfnI=
github.com/kr/pty v1.1.1/go.mod h1:pFQYn66WHrOpPYNljwOMqo10TkYh1fy3cYio2l3bCsQ=
github.com/kr/text v0.1.0 h1:45sCR5RtlFHMR4UwH9sdQ5TC8v0qDQCHnXt+kaKSTVE=
github.com/kr/text v0.1.0/go.mod h1:4Jbv+DJW3UT/LiOwJeYQe1efqtUx/iVham/4vfdArNI=
github.com/lucas-clemente/quic-go v0.14.4 h1:LdXgELrB93kvTqbZyEf+mcsGvmyE+EHsLFz1dqbR5PI=
github.com/lucas-clemente/quic-go v0.14.4/go.mod h1:Vn3/Fb0/77b02SGhQk36KzOUmXgVpFfizUfW5WMaqyU=
github.com/marten-seemann/chacha20 v0.2.0 h1:f40vqzzx+3GdOmzQoItkLX5WLvHgPgyYqFFIO5Gh4hQ=
github.com/marten-seemann/chacha20 v0.2.0/go.mod h1:HSdjFau7GzYRj+ahFNwsO3ouVJr1HFkWoEwNDb4TMtE=
github.com/marten-seemann/qpack v0.1.0/go.mod h1:LFt1NU/Ptjip0C2CPkhimBz5CGE3WGDAUWqna+CNTrI=
github.com/marten-seemann/qtls v0.4.1 h1:YlT8QP3WCCvvok7MGEZkMldXbyqgr8oFg5/n8Gtbkks=
github.com/marten-seemann/qtls v0.4.1/go.mod h1:pxVXcHHw1pNIt8Qo0pwSYQEoZ8yYOOPXTCZLQQunvRc=
github.com/mattn/go-colorable v0.0.9 h1:UVL0vNpWh04HeJXV0KLcaT7r06gOH2l4OW6ddYRUIY4=
github.com/mattn/go-colorable v0.0.9/go.mod h1:9vuHe8Xs5qXnSaW/c/ABM9alt+Vo+STaOChaDxuIBZU=
github.com/mattn/go-isatty v0.0.9 h1:d5US/mDsogSGW37IV293h//ZFaeajb69h+EHFsv2xGg=
github.com/mattn/go-isatty v0.0.9/go.mod h1:YNRxwqDuOph6SZLI9vUUz6OYw3QyUt7WiY2yME+cCiQ=
github.com/mattn/go-runewidth v0.0.3 h1:a+kO+98RDGEfo6asOGMmpodZq4FNtnGP54yps8BzLR4=
github.com/mattn/go-runewidth v0.0.3/go.mod h1:LwmH8dsx7+W8Uxz3IHJYH5QSwggIsqBzpuz5H//U1FU=
github.com/minio/blake2b-simd v0.0.0-20160723061019-3f5f724cb5b1 h1:lYpkrQH5ajf0OXOcUbGjvZxxijuBwbbmlSxLiuofa+g=
github.com/minio/blake2b-simd v0.0.0-20160723061019-3f5f724cb5b1/go.mod h1:pD8RvIylQ358TN4wwqatJ8rNavkEINozVn9DtGI3dfQ=
github.com/minio/sha256-simd v0.1.1-0.20190913151208-6de447530771 h1:MHkK1uRtFbVqvAgvWxafZe54+5uBxLluGylDiKgdhwo=
github.com/minio/sha256-simd v0.1.1-0.20190913151208-6de447530771/go.mod h1:B5e1o+1/KgNmWrSQK08Y6Z1Vb5pwIktudl0J58iy0KM=
github.com/mmcloughlin/avo v0.0.0-20190318053554-7a0eb66183da/go.mod h1:lf5GMZxA5kz8dnCweJuER5Rmbx6dDu6qvw0fO3uYKK8=
github.com/mr-tron/base58 v1.1.3 h1:v+sk57XuaCKGXpWtVBX8YJzO7hMGx4Aajh4TQbdEFdc=
github.com/mr-tron/base58 v1.1.3/go.mod h1:BinMc/sQntlIE1frQmRFPUoPA1Zkr8VRgBdjWI2mNwc=
github.com/multiformats/go-multiaddr v0.0.0-20180721003118-d6ad8896def6 h1:HdXqwOd3To4aOw6YRvlizC4dhklKhTqek8gQqqLoh08=
github.com/multiformats/go-multiaddr v0.0.0-20180721003118-d6ad8896def6/go.mod h1:1JAWc2R8uiQTLrCHI/lmOkXYu5B8025fQbZjq8//YgY=
github.com/multiformats/go-multihash v0.0.13 h1:06x+mk/zj1FoMsgNejLpy6QTvJqlSt/BhLEy87zidlc=
github.com/multiformats/go-multihash v0.0.13/go.mod h1:VdAWLKTwram9oKAatUcLxBNUjdtcVwxObEQBtRfuyjc=
github.com/multiformats/go-varint v0.0.5 h1:XVZwSo04Cs3j/jS0uAEPpT3JY6DzMcVLLoWOSnCxOjg=
github.com/multiformats/go-varint v0.0.5/go.mod h1:3Ls8CIEsrijN6+B7PbrXRPxHRPuXSrVKRY101jdMZYE=
github.com/nanyan/golz4 v1.0.0 h1:ko/d+r5xojBBjtyO6HsSd7+ypkYbOL/m3X4GS9Bbr5s=
github.com/nanyan/golz4 v1.0.0/go.mod h1:dZv7sJ39fH1akrJ63QGoiu5aaLr97122D0KkQkqrGU4=
github.com/onsi/ginkgo v1.6.0/go.mod h1:lLunBs/Ym6LB5Z9jYTR76FiuTmxDTDusOGeTQH+WWjE=
github.com/onsi/ginkgo v1.7.0 h1:WSHQ+IS43OoUrWtD1/bbclrwK8TTH5hzp+umCiuxHgs=
github.com/onsi/ginkgo v1.7.0/go.mod h1:lLunBs/Ym6LB5Z9jYTR76FiuTmxDTDusOGeTQH+WWjE=
github.com/onsi/gomega v1.4.3 h1:RE1xgDvH7imwFD45h+u2SgIfERHlS2yNG4DObb5BSKU=
github.com/onsi/gomega v1.4.3/go.mod h1:ex+gbHU/CVuBBDIJjb2X0qEXbFg53c61hWP/1CpauHY=
github.com/pborman/uuid v0.0.0-20180827223501-4c1ecd6722e8 h1:1ugHtU31mw8H2BNoNjyC6DmLJXnHSlVXOyzpV1/4xGA=
github.com/pborman/uuid v0.0.0-20180827223501-4c1ecd6722e8/go.mod h1:VyrYX9gd7irzKovcSS6BIIEwPRkP2Wm2m9ufcdFSJ34=
github.com/peterh/liner v1.1.0 h1:f+aAedNJA6uk7+6rXsYBnhdo4Xux7ESLe+kcuVUF5os=
github.com/peterh/liner v1.1.0/go.mod h1:CRroGNssyjTd/qIG2FyxByd2S8JEAZXBl4qUrZf8GS0=
github.com/pmezard/go-difflib v1.0.0 h1:4DBwDE0NGyQoBHbLQYPwSUPoCMWR5BEzIk/f1lZbAQM=
github.com/pmezard/go-difflib v1.0.0/go.mod h1:iKH77koFhYxTK1pcRnkKkqfTogsbg7gZNVY4sRDYZ/4=
github.com/rcrowley/go-metrics v0.0.0-20190826022208-cac0b30c2563 h1:dY6ETXrvDG7Sa4vE8ZQG4yqWg6UnOcbqTAahkV813vQ=
github.com/rcrowley/go-metrics v0.0.0-20190826022208-cac0b30c2563/go.mod h1:bCqnVzQkZxMG4s8nGwiZ5l3QUCyqpo9Y+/ZMZ9VjZe4=
github.com/robertkrimen/otto v0.0.0-20180617131154-15f95af6e78d h1:1VUlQbCfkoSGv7qP7Y+ro3ap1P1pPZxgdGVqiTVy5C4=
github.com/robertkrimen/otto v0.0.0-20180617131154-15f95af6e78d/go.mod h1:xvqspoSXJTIpemEonrMDFq6XzwHYYgToXWj5eRX1OtY=
github.com/rs/cors v0.0.0-20180826180256-dc7332ab32be h1:LUyzWo1Rfok+f2klFudOHnAo/EgLyEr62Ck+tDUX+r8=
github.com/rs/cors v0.0.0-20180826180256-dc7332ab32be/go.mod h1:gFx+x8UowdsKA9AchylcLynDq+nNFfI8FkUZdN/jGCU=
github.com/spaolacci/murmur3 v1.1.0 h1:7c1g84S4BPRrfL5Xrdp6fOJ206sU9y293DDHaoy0bLI=
github.com/spaolacci/murmur3 v1.1.0/go.mod h1:JwIasOWyU6f++ZhiEuf87xNszmSA2myDM2Kzu9HwQUA=
github.com/stretchr/objx v0.1.0/go.mod h1:HFkY916IF+rwdDfMAkV7OtwuqBVzrE8GR6GFx+wExME=
github.com/stretchr/testify v1.4.0 h1:2E4SXV/wtOkTonXsotYi4li6zVWxYlZuYNCXe9XRJyk=
github.com/stretchr/testify v1.4.0/go.mod h1:j7eGeouHqKxXV5pUuKE4zz7dFj8WfuZ+81PSLYec5m4=
github.com/syndtr/goleveldb v1.0.0 h1:fBdIW9lB4Iz0n9khmH8w27SJ3QEJ7+IgjPEwGSZiFdE=
github.com/syndtr/goleveldb v1.0.0/go.mod h1:ZVVdQEZoIme9iO1Ch2Jdy24qqXrMMOU6lpPAyBWyWuQ=
github.com/urfave/cli v1.20.0/go.mod h1:70zkFmudgCuE/ngEzBv17Jvp/497gISqfk5gWijbERA=
github.com/urfave/cli v1.21.0 h1:wYSSj06510qPIzGSua9ZqsncMmWE3Zr55KBERygyrxE=
github.com/urfave/cli v1.21.0/go.mod h1:lxDj6qX9Q6lWQxIrbrT0nwecwUtRnhVZAJjJZrVUZZQ=
github.com/youchainhq/bls v0.9.0 h1:qM0uQu7nIBfQxn8eR+e5A+cQWOWsQfqJqPQZznXphcg=
github.com/youchainhq/bls v0.9.0/go.mod h1:IDYz3DRnRz/O11+C+Acp7D7yCxmUg6frH9JC6WKgpMg=
golang.org/x/arch v0.0.0-20181203225421-5a4828bb7045/go.mod h1:cYlCBUl1MsqxdiKgmc4uh7TxZfWSFLOGSRR090WDxt8=
golang.org/x/arch v0.0.0-20190312162104-788fe5ffcd8c/go.mod h1:flIaEI6LNU6xOCD5PaJvn9wGP0agmIOqjrtsKGRguv4=
golang.org/x/crypto v0.0.0-20170930174604-9419663f5a44/go.mod h1:6SG95UA2DQfeDnfUPMdvaQW0Q7yPrPDi9nlGo2tz2b4=
golang.org/x/crypto v0.0.0-20190308221718-c2843e01d9a2/go.mod h1:djNgcEr1/C05ACkg1iLfiJU5Ep61QUkGW8qpdssI0+w=
golang.org/x/crypto v0.0.0-20190325154230-a5d413f7728c/go.mod h1:djNgcEr1/C05ACkg1iLfiJU5Ep61QUkGW8qpdssI0+w=
golang.org/x/crypto v0.0.0-20190611184440-5c40567a22f8/go.mod h1:yigFU9vqHzYiE8UmvKecakEJjdnWj3jj499lnFckfCI=
golang.org/x/crypto v0.0.0-20190829043050-9756ffdc2472 h1:Gv7RPwsi3eZ2Fgewe3CBsuOebPwO27PoXzRpJPsvSSM=
golang.org/x/crypto v0.0.0-20190829043050-9756ffdc2472/go.mod h1:yigFU9vqHzYiE8UmvKecakEJjdnWj3jj499lnFckfCI=
golang.org/x/crypto v0.0.0-20200115085410-6d4e4cb37c7d h1:2+ZP7EfsZV7Vvmx3TIqSlSzATMkTAKqM14YGFPoSKjI=
golang.org/x/crypto v0.0.0-20200115085410-6d4e4cb37c7d/go.mod h1:LzIPMQfyMNhhGPhUkYOs5KpL4U8rLKemX1yGLhDgUto=
golang.org/x/exp v0.0.0-20190125153040-c74c464bbbf2 h1:y102fOLFqhV41b+4GPiJoa0k/x+pJcEi2/HB1Y5T6fU=
golang.org/x/exp v0.0.0-20190125153040-c74c464bbbf2/go.mod h1:CJ0aWSM057203Lf6IL+f9T1iT9GByDxfZKAQTCR3kQA=
golang.org/x/net v0.0.0-20180906233101-161cd47e91fd/go.mod h1:mL1N/T3taQHkDXs73rZJwtUhF3w3ftmwwsq0BUmARs4=
golang.org/x/net v0.0.0-20190228165749-92fc7df08ae7/go.mod h1:mL1N/T3taQHkDXs73rZJwtUhF3w3ftmwwsq0BUmARs4=
golang.org/x/net v0.0.0-20190311183353-d8887717615a/go.mod h1:t9HGtf8HONx5eT2rtn7q6eTqICYqUVnKs3thJo3Qplg=
golang.org/x/net v0.0.0-20190326090315-15845e8f865b/go.mod h1:t9HGtf8HONx5eT2rtn7q6eTqICYqUVnKs3thJo3Qplg=
golang.org/x/net v0.0.0-20190404232315-eb5bcb51f2a3 h1:0GoQqolDA55aaLxZyTzK/Y2ePZzZTUrRacwib7cNsYQ=
golang.org/x/net v0.0.0-20190404232315-eb5bcb51f2a3/go.mod h1:t9HGtf8HONx5eT2rtn7q6eTqICYqUVnKs3thJo3Qplg=
golang.org/x/net v0.0.0-20200226121028-0de0cce0169b h1:0mm1VjtFUOIlE1SbDlwjYaDxZVDP2S5ou6y0gSgXHu8=
golang.org/x/net v0.0.0-20200226121028-0de0cce0169b/go.mod h1:z5CRVTTTmAJ677TzLLGU+0bjPO0LkuOLi4/5GtJWs/s=
golang.org/x/sync v0.0.0-20180314180146-1d60e4601c6f h1:wMNYb4v58l5UBM7MYRLPG6ZhfOqbKu7X5eyFl8ZhKvA=
golang.org/x/sync v0.0.0-20180314180146-1d60e4601c6f/go.mod h1:RxMgew5VJxzue5/jJTE5uejpjVlOe/izrB70Jof72aM=
golang.org/x/sys v0.0.0-20180909124046-d0be0721c37e/go.mod h1:STP8DvDyc/dI5b8T5hshtkjS+E42TnysNCUPdjciGhY=
golang.org/x/sys v0.0.0-20190215142949-d0b11bdaac8a/go.mod h1:STP8DvDyc/dI5b8T5hshtkjS+E42TnysNCUPdjciGhY=
golang.org/x/sys v0.0.0-20190322080309-f49334f85ddc/go.mod h1:h1NjWce9XRLGQEsW7wpKNCjG9DtNlClVuFLEZdDNbEs=
golang.org/x/sys v0.0.0-20190412213103-97732733099d h1:+R4KGOnez64A81RvjARKc4UT5/tI9ujCIVX+P5KiHuI=
golang.org/x/sys v0.0.0-20190412213103-97732733099d/go.mod h1:h1NjWce9XRLGQEsW7wpKNCjG9DtNlClVuFLEZdDNbEs=
golang.org/x/sys v0.0.0-20190813064441-fde4db37ae7a/go.mod h1:h1NjWce9XRLGQEsW7wpKNCjG9DtNlClVuFLEZdDNbEs=
golang.org/x/sys v0.0.0-20190904154756-749cb33beabd h1:DBH9mDw0zluJT/R+nGuV3jWFWLFaHyYZWD4tOT+cjn0=
golang.org/x/sys v0.0.0-20190904154756-749cb33beabd/go.mod h1:h1NjWce9XRLGQEsW7wpKNCjG9DtNlClVuFLEZdDNbEs=
golang.org/x/text v0.3.0 h1:g61tztE5qeGQ89tm6NTjjM9VPIm088od1l6aSorWRWg=
golang.org/x/text v0.3.0/go.mod h1:NqM8EUOU14njkJ3fqMW+pc6Ldnwhi/IjpwHt7yyuwOQ=
golang.org/x/tools v0.0.0-20190106171756-3ef68632349c/go.mod h1:n7NCudcB/nEzxVGmLbDWY5pfWTLqBcC2KZ6jyYvM4mQ=
golang.org/x/tools v0.0.0-20190206041539-40960b6deb8e/go.mod h1:n7NCudcB/nEzxVGmLbDWY5pfWTLqBcC2KZ6jyYvM4mQ=
golang.org/x/tools v0.0.0-20190325223049-1d95b17f1b04/go.mod h1:LCzVGOaR6xXOjkQ3onu1FJEFr0SW1gC7cKk1uF8kGRs=
gonum.org/v1/gonum v0.0.0-20190628223043-536a303fd62f h1:6zTkF8Jk1LmfPAi8Sx8pUDJKysk0I5e56GOrPml7rAw=
gonum.org/v1/gonum v0.0.0-20190628223043-536a303fd62f/go.mod h1:03dgh78c4UvU1WksguQ/lvJQXbezKQGJSrwwRq5MraQ=
gonum.org/v1/netlib v0.0.0-20190313105609-8cb42192e0e0 h1:OE9mWmgKkjJyEmDAAtGMPjXu+YNeGvK9VTSHY6+Qihc=
gonum.org/v1/netlib v0.0.0-20190313105609-8cb42192e0e0/go.mod h1:wa6Ws7BG/ESfp6dHfk7C6KdzKA7wR7u/rKwOGE66zvw=
google.golang.org/genproto v0.0.0-20180831171423-11092d34479b/go.mod h1:JiN7NxoALGmiZfu7CAH4rXhgtRTLTxftemlI0sWmxmc=
gopkg.in/check.v1 v0.0.0-20161208181325-20d25e280405 h1:yhCVgyC4o1eVCa2tZl7eS0r+SDo693bJlVdllGtEeKM=
gopkg.in/check.v1 v0.0.0-20161208181325-20d25e280405/go.mod h1:Co6ibVJAznAaIkqp8huTwlJQCZ016jof/cbN4VW5Yz0=
gopkg.in/check.v1 v1.0.0-20190902080502-41f04d3bba15 h1:YR8cESwS4TdDjEe65xsg0ogRM/Nc3DYOhEAlW+xobZo=
gopkg.in/check.v1 v1.0.0-20190902080502-41f04d3bba15/go.mod h1:Co6ibVJAznAaIkqp8huTwlJQCZ016jof/cbN4VW5Yz0=
gopkg.in/fsnotify.v1 v1.4.7 h1:xOHLXZwVvI9hhs+cLKq5+I5onOuwQLhQwiu63xxlHs4=
gopkg.in/fsnotify.v1 v1.4.7/go.mod h1:Tz8NjZHkW78fSQdbUxIjBTcgA1z1m8ZHf0WmKUhAMys=
gopkg.in/karalabe/cookiejar.v2 v2.0.0-20150724131613-8dcd6a7f4951 h1:DMTcQRFbEH62YPRWwOI647s2e5mHda3oBPMHfrLs2bw=
gopkg.in/karalabe/cookiejar.v2 v2.0.0-20150724131613-8dcd6a7f4951/go.mod h1:owOxCRGGeAx1uugABik6K9oeNu1cgxP/R9ItzLDxNWA=
gopkg.in/natefinch/lumberjack.v2 v2.0.0-20170531160350-a96e63847dc3 h1:AFxeG48hTWHhDTQDk/m2gorfVHUEa9vo3tp3D7TzwjI=
gopkg.in/natefinch/lumberjack.v2 v2.0.0-20170531160350-a96e63847dc3/go.mod h1:l0ndWWf7gzL7RNwBG7wST/UCcT4T24xpD6X8LsfU/+k=
gopkg.in/natefinch/npipe.v2 v2.0.0-20160621034901-c1b8fa8bdcce h1:+JknDZhAj8YMt7GC73Ei8pv4MzjDUNPHgQWJdtMAaDU=
gopkg.in/natefinch/npipe.v2 v2.0.0-20160621034901-c1b8fa8bdcce/go.mod h1:5AcXVHNjg+BDxry382+8OKon8SEWiKktQR07RKPsv1c=
gopkg.in/sourcemap.v1 v1.0.5 h1:inv58fC9f9J3TK2Y2R1NPntXEn3/wjWHkonhIUODNTI=
gopkg.in/sourcemap.v1 v1.0.5/go.mod h1:2RlvNNSMglmRrcvhfuzp4hQHwOtjxlbjX7UPY/GXb78=
gopkg.in/tomb.v1 v1.0.0-20141024135613-dd632973f1e7 h1:uRGJdciOHaEIrze2W8Q3AKkepLTh2hOroT7a+7czfdQ=
gopkg.in/tomb.v1 v1.0.0-20141024135613-dd632973f1e7/go.mod h1:dt/ZhP58zS4L8KSrWDmTeBkI65Dw0HsyUHuEVlX15mw=
gopkg.in/yaml.v2 v2.2.1 h1:mUhvW9EsL+naU5Q3cakzfE91YhliOondGd6ZrsDBHQE=
gopkg.in/yaml.v2 v2.2.1/go.mod h1:hI93XBmqTisBFMUTm0b8Fm+jr3Dg1NNxqwp+5A1VGuI=
gopkg.in/yaml.v2 v2.2.2 h1:ZCJp+EgiOT7lHqUV2J862kp8Qj64Jo6az82+3Td9dZw=
gopkg.in/yaml.v2 v2.2.2/go.mod h1:hI93XBmqTisBFMUTm0b8Fm+jr3Dg1NNxqwp+5A1VGuI=
gopkg.in/yaml.v2 v2.2.4 h1:/eiJrUcujPVeJ3xlSWaiNi3uSVmDGBK1pDHUHAnao1I=
gopkg.in/yaml.v2 v2.2.4/go.mod h1:hI93XBmqTisBFMUTm0b8Fm+jr3Dg1NNxqwp+5A1VGuI=
rsc.io/pdf v0.1.1/go.mod h1:n8OzWcQ6Sp37PL01nO98y4iUCRdTGarVfzxY20ICaU4=
